
Microsoft Visual Studio Solution File, Format Version 12.00
# Visual Studio Version 16
VisualStudioVersion = 16.0.30413.136
MinimumVisualStudioVersion = 10.0.40219.1
Project("{FAE04EC0-301F-11D3-BF4B-00C04F79EFBC}") = "Ogunwale_Unit1_No1", "Ogunwale_Unit1_No1.csproj", "{5E4A294F-0928-4110-812E-6EC64B940B3B}"
EndProject
Global
	GlobalSection(SolutionConfigurationPlatforms) = preSolution
		Debug|Any CPU = Debug|Any CPU
		Release|Any CPU = Release|Any CPU
	EndGlobalSection
	GlobalSection(ProjectConfigurationPlatforms) = postSolution
		{5E4A294F-0928-4110-812E-6EC64B940B3B}.Debug|Any CPU.ActiveCfg = Debug|Any CPU
		{5E4A294F-0928-4110-812E-6EC64B940B3B}.Debug|Any CPU.Build.0 = Debug|Any CPU
		{5E4A294F-0928-4110-812E-6EC64B940B3B}.Release|Any CPU.ActiveCfg = Release|Any CPU
		{5E4A294F-0928-4110-812E-6EC64B940B3B}.Release|Any CPU.Build.0 = Release|Any CPU
	EndGlobalSection
	GlobalSection(SolutionProperties) = preSolution
		HideSolutionNode = FALSE
	EndGlobalSection
	GlobalSection(ExtensibilityGlobals) = postSolution
		SolutionGuid = {9C58655F-CE51-46D3-9D3E-DA64C40C459B}
	EndGlobalSection
EndGlobal
