
Microsoft Visual Studio Solution File, Format Version 12.00
# Visual Studio Version 16
VisualStudioVersion = 16.0.30413.136
MinimumVisualStudioVersion = 10.0.40219.1
Project("{FAE04EC0-301F-11D3-BF4B-00C04F79EFBC}") = "Ogunwale_Unit1_No13", "Ogunwale_Unit1_No13.csproj", "{F88999C7-589D-4E61-9D5C-A5D91B2B682F}"
EndProject
Global
	GlobalSection(SolutionConfigurationPlatforms) = preSolution
		Debug|Any CPU = Debug|Any CPU
		Release|Any CPU = Release|Any CPU
	EndGlobalSection
	GlobalSection(ProjectConfigurationPlatforms) = postSolution
		{F88999C7-589D-4E61-9D5C-A5D91B2B682F}.Debug|Any CPU.ActiveCfg = Debug|Any CPU
		{F88999C7-589D-4E61-9D5C-A5D91B2B682F}.Debug|Any CPU.Build.0 = Debug|Any CPU
		{F88999C7-589D-4E61-9D5C-A5D91B2B682F}.Release|Any CPU.ActiveCfg = Release|Any CPU
		{F88999C7-589D-4E61-9D5C-A5D91B2B682F}.Release|Any CPU.Build.0 = Release|Any CPU
	EndGlobalSection
	GlobalSection(SolutionProperties) = preSolution
		HideSolutionNode = FALSE
	EndGlobalSection
	GlobalSection(ExtensibilityGlobals) = postSolution
		SolutionGuid = {17B4D167-02F1-4A70-9A6C-54D18BA72C35}
	EndGlobalSection
EndGlobal
