
Microsoft Visual Studio Solution File, Format Version 12.00
# Visual Studio Version 16
VisualStudioVersion = 16.0.30413.136
MinimumVisualStudioVersion = 10.0.40219.1
Project("{FAE04EC0-301F-11D3-BF4B-00C04F79EFBC}") = "Ogunwale_PE9_3", "Ogunwale_PE9_3.csproj", "{C1D9F3AB-6C79-40BD-AA20-81AB9E808400}"
EndProject
Global
	GlobalSection(SolutionConfigurationPlatforms) = preSolution
		Debug|Any CPU = Debug|Any CPU
		Release|Any CPU = Release|Any CPU
	EndGlobalSection
	GlobalSection(ProjectConfigurationPlatforms) = postSolution
		{C1D9F3AB-6C79-40BD-AA20-81AB9E808400}.Debug|Any CPU.ActiveCfg = Debug|Any CPU
		{C1D9F3AB-6C79-40BD-AA20-81AB9E808400}.Debug|Any CPU.Build.0 = Debug|Any CPU
		{C1D9F3AB-6C79-40BD-AA20-81AB9E808400}.Release|Any CPU.ActiveCfg = Release|Any CPU
		{C1D9F3AB-6C79-40BD-AA20-81AB9E808400}.Release|Any CPU.Build.0 = Release|Any CPU
	EndGlobalSection
	GlobalSection(SolutionProperties) = preSolution
		HideSolutionNode = FALSE
	EndGlobalSection
	GlobalSection(ExtensibilityGlobals) = postSolution
		SolutionGuid = {58F99059-F15B-400B-81E2-D7E2C144956F}
	EndGlobalSection
EndGlobal
