
Microsoft Visual Studio Solution File, Format Version 12.00
# Visual Studio Version 16
VisualStudioVersion = 16.0.30611.23
MinimumVisualStudioVersion = 10.0.40219.1
Project("{FAE04EC0-301F-11D3-BF4B-00C04F79EFBC}") = "Ogunwale_PE_25", "Ogunwale_PE_25.csproj", "{F2EDC20D-199A-43F8-AD96-F4B32FB173A2}"
EndProject
Global
	GlobalSection(SolutionConfigurationPlatforms) = preSolution
		Debug|Any CPU = Debug|Any CPU
		Release|Any CPU = Release|Any CPU
	EndGlobalSection
	GlobalSection(ProjectConfigurationPlatforms) = postSolution
		{F2EDC20D-199A-43F8-AD96-F4B32FB173A2}.Debug|Any CPU.ActiveCfg = Debug|Any CPU
		{F2EDC20D-199A-43F8-AD96-F4B32FB173A2}.Debug|Any CPU.Build.0 = Debug|Any CPU
		{F2EDC20D-199A-43F8-AD96-F4B32FB173A2}.Release|Any CPU.ActiveCfg = Release|Any CPU
		{F2EDC20D-199A-43F8-AD96-F4B32FB173A2}.Release|Any CPU.Build.0 = Release|Any CPU
	EndGlobalSection
	GlobalSection(SolutionProperties) = preSolution
		HideSolutionNode = FALSE
	EndGlobalSection
	GlobalSection(ExtensibilityGlobals) = postSolution
		SolutionGuid = {5C68B87D-5C86-476B-8768-F4E88940B1DE}
	EndGlobalSection
EndGlobal
